
Microsoft Visual Studio Solution File, Format Version 12.00
# Visual Studio Version 16
VisualStudioVersion = 16.0.32630.194
MinimumVisualStudioVersion = 10.0.40219.1
Project("{FAE04EC0-301F-11D3-BF4B-00C04F79EFBC}") = "ConsoleApp1", "ConsoleApp1\ConsoleApp1.csproj", "{51565936-8381-492D-AF42-360954E48FE9}"
EndProject
Project("{FAE04EC0-301F-11D3-BF4B-00C04F79EFBC}") = "UnitTestProject", "UnitTestProject\UnitTestProject.csproj", "{120BC145-6B7E-4036-9D04-334B220804EA}"
EndProject
Global
	GlobalSection(SolutionConfigurationPlatforms) = preSolution
		Debug|Any CPU = Debug|Any CPU
		Release|Any CPU = Release|Any CPU
	EndGlobalSection
	GlobalSection(ProjectConfigurationPlatforms) = postSolution
		{51565936-8381-492D-AF42-360954E48FE9}.Debug|Any CPU.ActiveCfg = Debug|Any CPU
		{51565936-8381-492D-AF42-360954E48FE9}.Debug|Any CPU.Build.0 = Debug|Any CPU
		{51565936-8381-492D-AF42-360954E48FE9}.Release|Any CPU.ActiveCfg = Release|Any CPU
		{51565936-8381-492D-AF42-360954E48FE9}.Release|Any CPU.Build.0 = Release|Any CPU
		{120BC145-6B7E-4036-9D04-334B220804EA}.Debug|Any CPU.ActiveCfg = Debug|Any CPU
		{120BC145-6B7E-4036-9D04-334B220804EA}.Debug|Any CPU.Build.0 = Debug|Any CPU
		{120BC145-6B7E-4036-9D04-334B220804EA}.Release|Any CPU.ActiveCfg = Release|Any CPU
		{120BC145-6B7E-4036-9D04-334B220804EA}.Release|Any CPU.Build.0 = Release|Any CPU
	EndGlobalSection
	GlobalSection(SolutionProperties) = preSolution
		HideSolutionNode = FALSE
	EndGlobalSection
	GlobalSection(ExtensibilityGlobals) = postSolution
		SolutionGuid = {2695750B-FB4F-45B3-8206-D19DF17892E7}
	EndGlobalSection
EndGlobal
